
Microsoft Visual Studio Solution File, Format Version 12.00
# Visual Studio 15
VisualStudioVersion = 15.0.28307.106
MinimumVisualStudioVersion = 10.0.40219.1
Project("{888888A0-9F3D-457C-B088-3A5042F75D52}") = "ftp_server", "ftp_server\ftp_server.pyproj", "{FAF29F07-85EE-4F75-83BD-BACF6D276B7D}"
EndProject
Global
	GlobalSection(SolutionConfigurationPlatforms) = preSolution
		Debug|Any CPU = Debug|Any CPU
		Release|Any CPU = Release|Any CPU
	EndGlobalSection
	GlobalSection(ProjectConfigurationPlatforms) = postSolution
		{FAF29F07-85EE-4F75-83BD-BACF6D276B7D}.Debug|Any CPU.ActiveCfg = Debug|Any CPU
		{FAF29F07-85EE-4F75-83BD-BACF6D276B7D}.Release|Any CPU.ActiveCfg = Release|Any CPU
	EndGlobalSection
	GlobalSection(SolutionProperties) = preSolution
		HideSolutionNode = FALSE
	EndGlobalSection
	GlobalSection(ExtensibilityGlobals) = postSolution
		SolutionGuid = {0CA2EABE-066E-4140-B3EF-8C5C4E2006C1}
	EndGlobalSection
EndGlobal
