
Microsoft Visual Studio Solution File, Format Version 12.00
# Visual Studio 15
VisualStudioVersion = 15.0.28307.106
MinimumVisualStudioVersion = 10.0.40219.1
Project("{888888A0-9F3D-457C-B088-3A5042F75D52}") = "ftp_client", "ftp_client\ftp_client.pyproj", "{73EEB5C8-4B06-478D-A8F7-348FF73B0DBD}"
EndProject
Global
	GlobalSection(SolutionConfigurationPlatforms) = preSolution
		Debug|Any CPU = Debug|Any CPU
		Release|Any CPU = Release|Any CPU
	EndGlobalSection
	GlobalSection(ProjectConfigurationPlatforms) = postSolution
		{73EEB5C8-4B06-478D-A8F7-348FF73B0DBD}.Debug|Any CPU.ActiveCfg = Debug|Any CPU
		{73EEB5C8-4B06-478D-A8F7-348FF73B0DBD}.Release|Any CPU.ActiveCfg = Release|Any CPU
	EndGlobalSection
	GlobalSection(SolutionProperties) = preSolution
		HideSolutionNode = FALSE
	EndGlobalSection
	GlobalSection(ExtensibilityGlobals) = postSolution
		SolutionGuid = {236FFB9D-87DF-4786-8C62-89956C615689}
	EndGlobalSection
EndGlobal
